
Microsoft Visual Studio Solution File, Format Version 12.00
# Visual Studio Version 17
VisualStudioVersion = 17.4.33122.133
MinimumVisualStudioVersion = 10.0.40219.1
Project("{FAE04EC0-301F-11D3-BF4B-00C04F79EFBC}") = "LondonStockApi", "LondonStockApi\LondonStockApi.csproj", "{E060C02D-232A-481B-B652-FE59BDECA8D0}"
EndProject
Project("{FAE04EC0-301F-11D3-BF4B-00C04F79EFBC}") = "LondonStockApi.Testing", "LondonStockApi.Testing\LondonStockApi.Testing.csproj", "{57FFE0EC-2F76-4321-B4C7-006F6A86F59A}"
EndProject
Global
	GlobalSection(SolutionConfigurationPlatforms) = preSolution
		Debug|Any CPU = Debug|Any CPU
		Release|Any CPU = Release|Any CPU
	EndGlobalSection
	GlobalSection(ProjectConfigurationPlatforms) = postSolution
		{E060C02D-232A-481B-B652-FE59BDECA8D0}.Debug|Any CPU.ActiveCfg = Debug|Any CPU
		{E060C02D-232A-481B-B652-FE59BDECA8D0}.Debug|Any CPU.Build.0 = Debug|Any CPU
		{E060C02D-232A-481B-B652-FE59BDECA8D0}.Release|Any CPU.ActiveCfg = Release|Any CPU
		{E060C02D-232A-481B-B652-FE59BDECA8D0}.Release|Any CPU.Build.0 = Release|Any CPU
		{57FFE0EC-2F76-4321-B4C7-006F6A86F59A}.Debug|Any CPU.ActiveCfg = Debug|Any CPU
		{57FFE0EC-2F76-4321-B4C7-006F6A86F59A}.Debug|Any CPU.Build.0 = Debug|Any CPU
		{57FFE0EC-2F76-4321-B4C7-006F6A86F59A}.Release|Any CPU.ActiveCfg = Release|Any CPU
		{57FFE0EC-2F76-4321-B4C7-006F6A86F59A}.Release|Any CPU.Build.0 = Release|Any CPU
	EndGlobalSection
	GlobalSection(SolutionProperties) = preSolution
		HideSolutionNode = FALSE
	EndGlobalSection
	GlobalSection(ExtensibilityGlobals) = postSolution
		SolutionGuid = {6B2FB153-32AB-4F56-96B0-81262ED55CFB}
	EndGlobalSection
EndGlobal
